
Microsoft Visual Studio Solution File, Format Version 12.00
Project("{FAE04EC0-301F-11D3-BF4B-00C04F79EFBC}") = "Tutorial8CFef", "Tutorial8CFef\Tutorial8CFef.csproj", "{BAEB34B2-151B-4B65-BB97-CDA8B9CFE27A}"
EndProject
Global
	GlobalSection(SolutionConfigurationPlatforms) = preSolution
		Debug|Any CPU = Debug|Any CPU
		Release|Any CPU = Release|Any CPU
	EndGlobalSection
	GlobalSection(ProjectConfigurationPlatforms) = postSolution
		{BAEB34B2-151B-4B65-BB97-CDA8B9CFE27A}.Debug|Any CPU.ActiveCfg = Debug|Any CPU
		{BAEB34B2-151B-4B65-BB97-CDA8B9CFE27A}.Debug|Any CPU.Build.0 = Debug|Any CPU
		{BAEB34B2-151B-4B65-BB97-CDA8B9CFE27A}.Release|Any CPU.ActiveCfg = Release|Any CPU
		{BAEB34B2-151B-4B65-BB97-CDA8B9CFE27A}.Release|Any CPU.Build.0 = Release|Any CPU
	EndGlobalSection
EndGlobal
